
Microsoft Visual Studio Solution File, Format Version 12.00
# Visual Studio 14
VisualStudioVersion = 14.0.25123.0
MinimumVisualStudioVersion = 10.0.40219.1
Project("{FAE04EC0-301F-11D3-BF4B-00C04F79EFBC}") = "UnitTests", "UnitTestProject1\UnitTests.csproj", "{CF392CB2-0364-47C3-A930-6FAA608AC410}"
EndProject
Project("{FAE04EC0-301F-11D3-BF4B-00C04F79EFBC}") = "SportParser", "SportParser\SportParser.csproj", "{9113A503-4AB5-456B-8F6E-D3D026061FED}"
EndProject
Project("{FAE04EC0-301F-11D3-BF4B-00C04F79EFBC}") = "TelegramBot", "TelegramBot\TelegramBot.csproj", "{96101A8E-5AA0-4381-AD08-E35DA6EB3577}"
EndProject
Project("{FAE04EC0-301F-11D3-BF4B-00C04F79EFBC}") = "TelegramBot.Core", "TelegramBot.Core\TelegramBot.Core.csproj", "{A6E41636-4C6A-4428-93B5-47A7E337F7EE}"
EndProject
Project("{FAE04EC0-301F-11D3-BF4B-00C04F79EFBC}") = "TelegramBot.Contracts", "TelegramBot.Contracts\TelegramBot.Contracts.csproj", "{99BBA368-0F96-4239-9450-676CF74A11B7}"
EndProject
Project("{FAE04EC0-301F-11D3-BF4B-00C04F79EFBC}") = "Botanio.Api", "Botanio.Api\Botanio.Api.csproj", "{4562B1E3-F686-4B06-B82B-44066FD04B49}"
EndProject
Project("{FAE04EC0-301F-11D3-BF4B-00C04F79EFBC}") = "TelegramBot.DataAccess", "TelegramBot.DataAccess\TelegramBot.DataAccess.csproj", "{597B6222-6730-4C11-B820-0C7208A5CA13}"
EndProject
Project("{FAE04EC0-301F-11D3-BF4B-00C04F79EFBC}") = "TelegramBot.Database", "TelegramBot.Database\TelegramBot.Database.csproj", "{4FA60EEA-414E-464D-A1FE-29D1AF8EBF5C}"
EndProject
Project("{FAE04EC0-301F-11D3-BF4B-00C04F79EFBC}") = "Google.TimeZoneApi", "Google.TimeZoneApi\Google.TimeZoneApi.csproj", "{DCCC08E9-FD80-4FB0-9F2A-CA9D6055A164}"
EndProject
Global
	GlobalSection(SolutionConfigurationPlatforms) = preSolution
		Debug|Any CPU = Debug|Any CPU
		Release|Any CPU = Release|Any CPU
	EndGlobalSection
	GlobalSection(ProjectConfigurationPlatforms) = postSolution
		{CF392CB2-0364-47C3-A930-6FAA608AC410}.Debug|Any CPU.ActiveCfg = Debug|Any CPU
		{CF392CB2-0364-47C3-A930-6FAA608AC410}.Debug|Any CPU.Build.0 = Debug|Any CPU
		{CF392CB2-0364-47C3-A930-6FAA608AC410}.Release|Any CPU.ActiveCfg = Release|Any CPU
		{CF392CB2-0364-47C3-A930-6FAA608AC410}.Release|Any CPU.Build.0 = Release|Any CPU
		{9113A503-4AB5-456B-8F6E-D3D026061FED}.Debug|Any CPU.ActiveCfg = Debug|Any CPU
		{9113A503-4AB5-456B-8F6E-D3D026061FED}.Debug|Any CPU.Build.0 = Debug|Any CPU
		{9113A503-4AB5-456B-8F6E-D3D026061FED}.Release|Any CPU.ActiveCfg = Release|Any CPU
		{9113A503-4AB5-456B-8F6E-D3D026061FED}.Release|Any CPU.Build.0 = Release|Any CPU
		{96101A8E-5AA0-4381-AD08-E35DA6EB3577}.Debug|Any CPU.ActiveCfg = Debug|Any CPU
		{96101A8E-5AA0-4381-AD08-E35DA6EB3577}.Debug|Any CPU.Build.0 = Debug|Any CPU
		{96101A8E-5AA0-4381-AD08-E35DA6EB3577}.Release|Any CPU.ActiveCfg = Release|Any CPU
		{96101A8E-5AA0-4381-AD08-E35DA6EB3577}.Release|Any CPU.Build.0 = Release|Any CPU
		{A6E41636-4C6A-4428-93B5-47A7E337F7EE}.Debug|Any CPU.ActiveCfg = Debug|Any CPU
		{A6E41636-4C6A-4428-93B5-47A7E337F7EE}.Debug|Any CPU.Build.0 = Debug|Any CPU
		{A6E41636-4C6A-4428-93B5-47A7E337F7EE}.Release|Any CPU.ActiveCfg = Release|Any CPU
		{A6E41636-4C6A-4428-93B5-47A7E337F7EE}.Release|Any CPU.Build.0 = Release|Any CPU
		{99BBA368-0F96-4239-9450-676CF74A11B7}.Debug|Any CPU.ActiveCfg = Debug|Any CPU
		{99BBA368-0F96-4239-9450-676CF74A11B7}.Debug|Any CPU.Build.0 = Debug|Any CPU
		{99BBA368-0F96-4239-9450-676CF74A11B7}.Release|Any CPU.ActiveCfg = Release|Any CPU
		{99BBA368-0F96-4239-9450-676CF74A11B7}.Release|Any CPU.Build.0 = Release|Any CPU
		{4562B1E3-F686-4B06-B82B-44066FD04B49}.Debug|Any CPU.ActiveCfg = Debug|Any CPU
		{4562B1E3-F686-4B06-B82B-44066FD04B49}.Debug|Any CPU.Build.0 = Debug|Any CPU
		{4562B1E3-F686-4B06-B82B-44066FD04B49}.Release|Any CPU.ActiveCfg = Release|Any CPU
		{4562B1E3-F686-4B06-B82B-44066FD04B49}.Release|Any CPU.Build.0 = Release|Any CPU
		{597B6222-6730-4C11-B820-0C7208A5CA13}.Debug|Any CPU.ActiveCfg = Debug|Any CPU
		{597B6222-6730-4C11-B820-0C7208A5CA13}.Debug|Any CPU.Build.0 = Debug|Any CPU
		{597B6222-6730-4C11-B820-0C7208A5CA13}.Release|Any CPU.ActiveCfg = Release|Any CPU
		{597B6222-6730-4C11-B820-0C7208A5CA13}.Release|Any CPU.Build.0 = Release|Any CPU
		{4FA60EEA-414E-464D-A1FE-29D1AF8EBF5C}.Debug|Any CPU.ActiveCfg = Debug|Any CPU
		{4FA60EEA-414E-464D-A1FE-29D1AF8EBF5C}.Debug|Any CPU.Build.0 = Debug|Any CPU
		{4FA60EEA-414E-464D-A1FE-29D1AF8EBF5C}.Release|Any CPU.ActiveCfg = Release|Any CPU
		{4FA60EEA-414E-464D-A1FE-29D1AF8EBF5C}.Release|Any CPU.Build.0 = Release|Any CPU
		{DCCC08E9-FD80-4FB0-9F2A-CA9D6055A164}.Debug|Any CPU.ActiveCfg = Debug|Any CPU
		{DCCC08E9-FD80-4FB0-9F2A-CA9D6055A164}.Debug|Any CPU.Build.0 = Debug|Any CPU
		{DCCC08E9-FD80-4FB0-9F2A-CA9D6055A164}.Release|Any CPU.ActiveCfg = Release|Any CPU
		{DCCC08E9-FD80-4FB0-9F2A-CA9D6055A164}.Release|Any CPU.Build.0 = Release|Any CPU
	EndGlobalSection
	GlobalSection(SolutionProperties) = preSolution
		HideSolutionNode = FALSE
	EndGlobalSection
EndGlobal
